
Microsoft Visual Studio Solution File, Format Version 12.00
# Visual Studio Version 17
VisualStudioVersion = 17.13.35828.75 d17.13
MinimumVisualStudioVersion = 10.0.40219.1
Project("{FAE04EC0-301F-11D3-BF4B-00C04F79EFBC}") = "Controle-de-Bar-ConsoleApp", "Controle-de-Bar-ConsoleApp\Controle-de-Bar-ConsoleApp.csproj", "{2E2DB696-CA09-4EF1-8782-AD63A3730C0C}"
EndProject
Global
	GlobalSection(SolutionConfigurationPlatforms) = preSolution
		Debug|Any CPU = Debug|Any CPU
		Release|Any CPU = Release|Any CPU
	EndGlobalSection
	GlobalSection(ProjectConfigurationPlatforms) = postSolution
		{2E2DB696-CA09-4EF1-8782-AD63A3730C0C}.Debug|Any CPU.ActiveCfg = Debug|Any CPU
		{2E2DB696-CA09-4EF1-8782-AD63A3730C0C}.Debug|Any CPU.Build.0 = Debug|Any CPU
		{2E2DB696-CA09-4EF1-8782-AD63A3730C0C}.Release|Any CPU.ActiveCfg = Release|Any CPU
		{2E2DB696-CA09-4EF1-8782-AD63A3730C0C}.Release|Any CPU.Build.0 = Release|Any CPU
	EndGlobalSection
	GlobalSection(SolutionProperties) = preSolution
		HideSolutionNode = FALSE
	EndGlobalSection
	GlobalSection(ExtensibilityGlobals) = postSolution
		SolutionGuid = {49129699-AFB2-4025-8079-4236E5F3166F}
	EndGlobalSection
EndGlobal
